
Microsoft Visual Studio Solution File, Format Version 12.00
# Visual Studio 15
VisualStudioVersion = 15.0.28307.1169
MinimumVisualStudioVersion = 10.0.40219.1
Project("{FAE04EC0-301F-11D3-BF4B-00C04F79EFBC}") = "MovieDetails", "MovieDetails\MovieDetails.csproj", "{7979A706-2A63-4B61-944B-04FC358773ED}"
EndProject
Global
	GlobalSection(SolutionConfigurationPlatforms) = preSolution
		Debug|Any CPU = Debug|Any CPU
		Release|Any CPU = Release|Any CPU
	EndGlobalSection
	GlobalSection(ProjectConfigurationPlatforms) = postSolution
		{7979A706-2A63-4B61-944B-04FC358773ED}.Debug|Any CPU.ActiveCfg = Debug|Any CPU
		{7979A706-2A63-4B61-944B-04FC358773ED}.Debug|Any CPU.Build.0 = Debug|Any CPU
		{7979A706-2A63-4B61-944B-04FC358773ED}.Release|Any CPU.ActiveCfg = Release|Any CPU
		{7979A706-2A63-4B61-944B-04FC358773ED}.Release|Any CPU.Build.0 = Release|Any CPU
	EndGlobalSection
	GlobalSection(SolutionProperties) = preSolution
		HideSolutionNode = FALSE
	EndGlobalSection
	GlobalSection(ExtensibilityGlobals) = postSolution
		SolutionGuid = {0F13EBCD-E0C0-4BD0-8F5D-B7B2AE1308F2}
	EndGlobalSection
EndGlobal
